
Microsoft Visual Studio Solution File, Format Version 12.00
# Visual Studio Version 17
VisualStudioVersion = 17.11.35222.181
MinimumVisualStudioVersion = 10.0.40219.1
Project("{888888A0-9F3D-457C-B088-3A5042F75D52}") = "пайтон н", "пайтон н\пайтон н.pyproj", "{09867626-2C62-4048-9B67-2532A0FEEFC5}"
EndProject
Global
	GlobalSection(SolutionConfigurationPlatforms) = preSolution
		Debug|Any CPU = Debug|Any CPU
		Release|Any CPU = Release|Any CPU
	EndGlobalSection
	GlobalSection(ProjectConfigurationPlatforms) = postSolution
		{09867626-2C62-4048-9B67-2532A0FEEFC5}.Debug|Any CPU.ActiveCfg = Debug|Any CPU
		{09867626-2C62-4048-9B67-2532A0FEEFC5}.Release|Any CPU.ActiveCfg = Release|Any CPU
	EndGlobalSection
	GlobalSection(SolutionProperties) = preSolution
		HideSolutionNode = FALSE
	EndGlobalSection
	GlobalSection(ExtensibilityGlobals) = postSolution
		SolutionGuid = {DA327EB4-E53E-46DE-AB31-6D1E27D509F3}
	EndGlobalSection
EndGlobal
